
Microsoft Visual Studio Solution File, Format Version 12.00
# Visual Studio Version 17
VisualStudioVersion = 17.14.37027.9 d17.14
MinimumVisualStudioVersion = 10.0.40219.1
Project("{8BC9CEB8-8B4A-11D0-8D11-00A0C91BC942}") = "hairetu.cpp", "hairetu.cpp\hairetu.cpp.vcxproj", "{B6B9E3C6-084C-4AF6-AA0B-253C0027EF6C}"
EndProject
Global
	GlobalSection(SolutionConfigurationPlatforms) = preSolution
		Debug|x64 = Debug|x64
		Debug|x86 = Debug|x86
		Release|x64 = Release|x64
		Release|x86 = Release|x86
	EndGlobalSection
	GlobalSection(ProjectConfigurationPlatforms) = postSolution
		{B6B9E3C6-084C-4AF6-AA0B-253C0027EF6C}.Debug|x64.ActiveCfg = Debug|x64
		{B6B9E3C6-084C-4AF6-AA0B-253C0027EF6C}.Debug|x64.Build.0 = Debug|x64
		{B6B9E3C6-084C-4AF6-AA0B-253C0027EF6C}.Debug|x86.ActiveCfg = Debug|Win32
		{B6B9E3C6-084C-4AF6-AA0B-253C0027EF6C}.Debug|x86.Build.0 = Debug|Win32
		{B6B9E3C6-084C-4AF6-AA0B-253C0027EF6C}.Release|x64.ActiveCfg = Release|x64
		{B6B9E3C6-084C-4AF6-AA0B-253C0027EF6C}.Release|x64.Build.0 = Release|x64
		{B6B9E3C6-084C-4AF6-AA0B-253C0027EF6C}.Release|x86.ActiveCfg = Release|Win32
		{B6B9E3C6-084C-4AF6-AA0B-253C0027EF6C}.Release|x86.Build.0 = Release|Win32
	EndGlobalSection
	GlobalSection(SolutionProperties) = preSolution
		HideSolutionNode = FALSE
	EndGlobalSection
	GlobalSection(ExtensibilityGlobals) = postSolution
		SolutionGuid = {E83AEB1A-BAB1-4E26-8AC3-B85820C5E2F4}
	EndGlobalSection
EndGlobal
